// !$*UTF8*$!
{
	archiveVersion = 1;
	classes = {
	};
	objectVersion = 77;
	objects = {

/* Begin PBXBuildFile section */
		50AA0000000000000000000B /* OpenFactorCore in Frameworks */ = {isa = PBXBuildFile; productRef = 50AA0000000000000000000A /* OpenFactorCore */; };
		50ACFFFFFFFFFFFF0000000D /* OpenFactorComplication.appex in Embed Foundation Extensions */ = {isa = PBXBuildFile; fileRef = 50ACFFFFFFFFFFFF00000009 /* OpenFactorComplication.appex */; settings = {ATTRIBUTES = (RemoveHeadersOnCopy, ); }; };
		50D16262302F862B00211D42 /* OpenFactorCore in Frameworks */ = {isa = PBXBuildFile; productRef = 50D16261302F862B00211D42 /* OpenFactorCore */; };
/* End PBXBuildFile section */

/* Begin PBXContainerItemProxy section */
		50AC3CA6302F852400379FC2 /* PBXContainerItemProxy */ = {
			isa = PBXContainerItemProxy;
			containerPortal = 50AC3C90302F852300379FC2 /* Project object */;
			proxyType = 1;
			remoteGlobalIDString = 50AC3C97302F852300379FC2;
			remoteInfo = OpenFactor;
		};
		50AC3CB0302F852400379FC2 /* PBXContainerItemProxy */ = {
			isa = PBXContainerItemProxy;
			containerPortal = 50AC3C90302F852300379FC2 /* Project object */;
			proxyType = 1;
			remoteGlobalIDString = 50AC3C97302F852300379FC2;
			remoteInfo = OpenFactor;
		};
		50ACFFFFFFFFFFFF0000000F /* PBXContainerItemProxy */ = {
			isa = PBXContainerItemProxy;
			containerPortal = 50AC3C90302F852300379FC2 /* Project object */;
			proxyType = 1;
			remoteGlobalIDString = 50ACFFFFFFFFFFFF00000001;
			remoteInfo = "OpenFactorWatch Complication";
		};
/* End PBXContainerItemProxy section */

/* Begin PBXCopyFilesBuildPhase section */
		50ACFFFFFFFFFFFF0000000C /* Embed Foundation Extensions */ = {
			isa = PBXCopyFilesBuildPhase;
			buildActionMask = 2147483647;
			dstPath = "";
			dstSubfolderSpec = 13;
			files = (
				50ACFFFFFFFFFFFF0000000D /* OpenFactorComplication.appex in Embed Foundation Extensions */,
			);
			name = "Embed Foundation Extensions";
			runOnlyForDeploymentPostprocessing = 0;
		};
/* End PBXCopyFilesBuildPhase section */

/* Begin PBXFileReference section */
		50AA00000000000000000009 /* OpenFactorWatch.app */ = {isa = PBXFileReference; explicitFileType = wrapper.application; includeInIndex = 0; path = OpenFactorWatch.app; sourceTree = BUILT_PRODUCTS_DIR; };
		50AC3C98302F852300379FC2 /* OpenFactor.app */ = {isa = PBXFileReference; explicitFileType = wrapper.application; includeInIndex = 0; path = OpenFactor.app; sourceTree = BUILT_PRODUCTS_DIR; };
		50AC3CA5302F852400379FC2 /* OpenFactorTests.xctest */ = {isa = PBXFileReference; explicitFileType = wrapper.cfbundle; includeInIndex = 0; path = OpenFactorTests.xctest; sourceTree = BUILT_PRODUCTS_DIR; };
		50AC3CAF302F852400379FC2 /* OpenFactorUITests.xctest */ = {isa = PBXFileReference; explicitFileType = wrapper.cfbundle; includeInIndex = 0; path = OpenFactorUITests.xctest; sourceTree = BUILT_PRODUCTS_DIR; };
		50ACFFFFFFFFFFFF00000009 /* OpenFactorComplication.appex */ = {isa = PBXFileReference; explicitFileType = "wrapper.app-extension"; includeInIndex = 0; path = OpenFactorComplication.appex; sourceTree = BUILT_PRODUCTS_DIR; };
/* End PBXFileReference section */

/* Begin PBXFileSystemSynchronizedRootGroup section */
		50AA00000000000000000008 /* OpenFactorWatch Watch App */ = {
			isa = PBXFileSystemSynchronizedRootGroup;
			path = "OpenFactorWatch Watch App";
			sourceTree = "<group>";
		};
		50AB00000000000000000001 /* OpenFactorShared */ = {
			isa = PBXFileSystemSynchronizedRootGroup;
			path = OpenFactorShared;
			sourceTree = "<group>";
		};
		50AB00000000000000000002 /* OpenFactorShared */ = {
			isa = PBXFileSystemSynchronizedRootGroup;
			path = OpenFactorShared;
			sourceTree = "<group>";
		};
		50AC3C9A302F852300379FC2 /* OpenFactor */ = {
			isa = PBXFileSystemSynchronizedRootGroup;
			path = OpenFactor;
			sourceTree = "<group>";
		};
		50AC3CA8302F852400379FC2 /* OpenFactorTests */ = {
			isa = PBXFileSystemSynchronizedRootGroup;
			path = OpenFactorTests;
			sourceTree = "<group>";
		};
		50AC3CB2302F852400379FC2 /* OpenFactorUITests */ = {
			isa = PBXFileSystemSynchronizedRootGroup;
			path = OpenFactorUITests;
			sourceTree = "<group>";
		};
		50ACFFFFFFFFFFFF00000008 /* OpenFactorWatch Complication */ = {
			isa = PBXFileSystemSynchronizedRootGroup;
			path = "OpenFactorWatch Complication";
			sourceTree = "<group>";
		};
		50CF0RE0000000000000A1 /* OpenFactorCoreTests */ = {
			isa = PBXFileSystemSynchronizedRootGroup;
			name = OpenFactorCoreTests;
			path = Tests/OpenFactorCoreTests;
			sourceTree = "<group>";
		};
/* End PBXFileSystemSynchronizedRootGroup section */

/* Begin PBXFrameworksBuildPhase section */
		50AA00000000000000000006 /* Frameworks */ = {
			isa = PBXFrameworksBuildPhase;
			buildActionMask = 2147483647;
			files = (
				50AA0000000000000000000B /* OpenFactorCore in Frameworks */,
			);
			runOnlyForDeploymentPostprocessing = 0;
		};
		50AC3C95302F852300379FC2 /* Frameworks */ = {
			isa = PBXFrameworksBuildPhase;
			buildActionMask = 2147483647;
			files = (
				50D16262302F862B00211D42 /* OpenFactorCore in Frameworks */,
			);
			runOnlyForDeploymentPostprocessing = 0;
		};
		50AC3CA2302F852400379FC2 /* Frameworks */ = {
			isa = PBXFrameworksBuildPhase;
			buildActionMask = 2147483647;
			files = (
			);
			runOnlyForDeploymentPostprocessing = 0;
		};
		50AC3CAC302F852400379FC2 /* Frameworks */ = {
			isa = PBXFrameworksBuildPhase;
			buildActionMask = 2147483647;
			files = (
			);
			runOnlyForDeploymentPostprocessing = 0;
		};
		50ACFFFFFFFFFFFF00000006 /* Frameworks */ = {
			isa = PBXFrameworksBuildPhase;
			buildActionMask = 2147483647;
			files = (
			);
			runOnlyForDeploymentPostprocessing = 0;
		};
/* End PBXFrameworksBuildPhase section */

/* Begin PBXGroup section */
		5082E0C9303011C8005440A4 /* Recovered References */ = {
			isa = PBXGroup;
			children = (
				50CF0RE0000000000000A1 /* OpenFactorCoreTests */,
				50AB00000000000000000002 /* OpenFactorShared */,
			);
			name = "Recovered References";
			sourceTree = "<group>";
		};
		50AC3C8F302F852300379FC2 = {
			isa = PBXGroup;
			children = (
				50AC3C9A302F852300379FC2 /* OpenFactor */,
				50AC3CA8302F852400379FC2 /* OpenFactorTests */,
				50AC3CB2302F852400379FC2 /* OpenFactorUITests */,
				50AA00000000000000000008 /* OpenFactorWatch Watch App */,
				50ACFFFFFFFFFFFF00000008 /* OpenFactorWatch Complication */,
				50AB00000000000000000001 /* OpenFactorShared */,
				50AC3C99302F852300379FC2 /* Products */,
				5082E0C9303011C8005440A4 /* Recovered References */,
			);
			sourceTree = "<group>";
		};
		50AC3C99302F852300379FC2 /* Products */ = {
			isa = PBXGroup;
			children = (
				50AC3C98302F852300379FC2 /* OpenFactor.app */,
				50AC3CA5302F852400379FC2 /* OpenFactorTests.xctest */,
				50AC3CAF302F852400379FC2 /* OpenFactorUITests.xctest */,
				50AA00000000000000000009 /* OpenFactorWatch.app */,
				50ACFFFFFFFFFFFF00000009 /* OpenFactorComplication.appex */,
			);
			name = Products;
			sourceTree = "<group>";
		};
/* End PBXGroup section */

/* Begin PBXNativeTarget section */
		50AA00000000000000000001 /* OpenFactorWatch Watch App */ = {
			isa = PBXNativeTarget;
			buildConfigurationList = 50AA00000000000000000002 /* Build configuration list for PBXNativeTarget "OpenFactorWatch Watch App" */;
			buildPhases = (
				50AA00000000000000000005 /* Sources */,
				50AA00000000000000000006 /* Frameworks */,
				50AA00000000000000000007 /* Resources */,
				50ACFFFFFFFFFFFF0000000C /* Embed Foundation Extensions */,
			);
			buildRules = (
			);
			dependencies = (
				50ACFFFFFFFFFFFF0000000E /* PBXTargetDependency */,
			);
			fileSystemSynchronizedGroups = (
				50AA00000000000000000008 /* OpenFactorWatch Watch App */,
				50AB00000000000000000002 /* OpenFactorShared */,
			);
			name = "OpenFactorWatch Watch App";
			packageProductDependencies = (
				50AA0000000000000000000A /* OpenFactorCore */,
			);
			productName = "OpenFactorWatch Watch App";
			productReference = 50AA00000000000000000009 /* OpenFactorWatch.app */;
			productType = "com.apple.product-type.application";
		};
		50AC3C97302F852300379FC2 /* OpenFactor */ = {
			isa = PBXNativeTarget;
			buildConfigurationList = 50AC3CB9302F852400379FC2 /* Build configuration list for PBXNativeTarget "OpenFactor" */;
			buildPhases = (
				50AC3C94302F852300379FC2 /* Sources */,
				50AC3C95302F852300379FC2 /* Frameworks */,
				50AC3C96302F852300379FC2 /* Resources */,
			);
			buildRules = (
			);
			dependencies = (
			);
			fileSystemSynchronizedGroups = (
				50AB00000000000000000001 /* OpenFactorShared */,
				50AC3C9A302F852300379FC2 /* OpenFactor */,
			);
			name = OpenFactor;
			packageProductDependencies = (
				50D16261302F862B00211D42 /* OpenFactorCore */,
			);
			productName = OpenFactor;
			productReference = 50AC3C98302F852300379FC2 /* OpenFactor.app */;
			productType = "com.apple.product-type.application";
		};
		50AC3CA4302F852400379FC2 /* OpenFactorTests */ = {
			isa = PBXNativeTarget;
			buildConfigurationList = 50AC3CBC302F852400379FC2 /* Build configuration list for PBXNativeTarget "OpenFactorTests" */;
			buildPhases = (
				50AC3CA1302F852400379FC2 /* Sources */,
				50AC3CA2302F852400379FC2 /* Frameworks */,
				50AC3CA3302F852400379FC2 /* Resources */,
			);
			buildRules = (
			);
			dependencies = (
				50AC3CA7302F852400379FC2 /* PBXTargetDependency */,
			);
			fileSystemSynchronizedGroups = (
				50AC3CA8302F852400379FC2 /* OpenFactorTests */,
				50CF0RE0000000000000A1 /* OpenFactorCoreTests */,
			);
			name = OpenFactorTests;
			packageProductDependencies = (
			);
			productName = OpenFactorTests;
			productReference = 50AC3CA5302F852400379FC2 /* OpenFactorTests.xctest */;
			productType = "com.apple.product-type.bundle.unit-test";
		};
		50AC3CAE302F852400379FC2 /* OpenFactorUITests */ = {
			isa = PBXNativeTarget;
			buildConfigurationList = 50AC3CBF302F852400379FC2 /* Build configuration list for PBXNativeTarget "OpenFactorUITests" */;
			buildPhases = (
				50AC3CAB302F852400379FC2 /* Sources */,
				50AC3CAC302F852400379FC2 /* Frameworks */,
				50AC3CAD302F852400379FC2 /* Resources */,
			);
			buildRules = (
			);
			dependencies = (
				50AC3CB1302F852400379FC2 /* PBXTargetDependency */,
			);
			fileSystemSynchronizedGroups = (
				50AC3CB2302F852400379FC2 /* OpenFactorUITests */,
			);
			name = OpenFactorUITests;
			packageProductDependencies = (
			);
			productName = OpenFactorUITests;
			productReference = 50AC3CAF302F852400379FC2 /* OpenFactorUITests.xctest */;
			productType = "com.apple.product-type.bundle.ui-testing";
		};
		50ACFFFFFFFFFFFF00000001 /* OpenFactorWatch Complication */ = {
			isa = PBXNativeTarget;
			buildConfigurationList = 50ACFFFFFFFFFFFF00000002 /* Build configuration list for PBXNativeTarget "OpenFactorWatch Complication" */;
			buildPhases = (
				50ACFFFFFFFFFFFF00000005 /* Sources */,
				50ACFFFFFFFFFFFF00000006 /* Frameworks */,
				50ACFFFFFFFFFFFF00000007 /* Resources */,
			);
			buildRules = (
			);
			dependencies = (
			);
			fileSystemSynchronizedGroups = (
				50ACFFFFFFFFFFFF00000008 /* OpenFactorWatch Complication */,
			);
			name = "OpenFactorWatch Complication";
			packageProductDependencies = (
			);
			productName = OpenFactorComplication;
			productReference = 50ACFFFFFFFFFFFF00000009 /* OpenFactorComplication.appex */;
			productType = "com.apple.product-type.app-extension";
		};
/* End PBXNativeTarget section */

/* Begin PBXProject section */
		50AC3C90302F852300379FC2 /* Project object */ = {
			isa = PBXProject;
			attributes = {
				BuildIndependentTargetsInParallel = 1;
				LastSwiftUpdateCheck = 2660;
				LastUpgradeCheck = 2660;
				TargetAttributes = {
					50AA00000000000000000001 = {
						CreatedOnToolsVersion = 26.6;
					};
					50AC3C97302F852300379FC2 = {
						CreatedOnToolsVersion = 26.6;
					};
					50AC3CA4302F852400379FC2 = {
						CreatedOnToolsVersion = 26.6;
						TestTargetID = 50AC3C97302F852300379FC2;
					};
					50AC3CAE302F852400379FC2 = {
						CreatedOnToolsVersion = 26.6;
						TestTargetID = 50AC3C97302F852300379FC2;
					};
				};
			};
			buildConfigurationList = 50AC3C93302F852300379FC2 /* Build configuration list for PBXProject "OpenFactor" */;
			developmentRegion = en;
			hasScannedForEncodings = 0;
			knownRegions = (
				en,
				Base,
			);
			mainGroup = 50AC3C8F302F852300379FC2;
			minimizedProjectReferenceProxies = 1;
			packageReferences = (
				50D16260302F862B00211D42 /* XCLocalSwiftPackageReference "." */,
			);
			preferredProjectObjectVersion = 77;
			productRefGroup = 50AC3C99302F852300379FC2 /* Products */;
			projectDirPath = "";
			projectRoot = "";
			targets = (
				50AC3C97302F852300379FC2 /* OpenFactor */,
				50AC3CA4302F852400379FC2 /* OpenFactorTests */,
				50AC3CAE302F852400379FC2 /* OpenFactorUITests */,
				50AA00000000000000000001 /* OpenFactorWatch Watch App */,
				50ACFFFFFFFFFFFF00000001 /* OpenFactorWatch Complication */,
			);
		};
/* End PBXProject section */

/* Begin PBXResourcesBuildPhase section */
		50AA00000000000000000007 /* Resources */ = {
			isa = PBXResourcesBuildPhase;
			buildActionMask = 2147483647;
			files = (
			);
			runOnlyForDeploymentPostprocessing = 0;
		};
		50AC3C96302F852300379FC2 /* Resources */ = {
			isa = PBXResourcesBuildPhase;
			buildActionMask = 2147483647;
			files = (
			);
			runOnlyForDeploymentPostprocessing = 0;
		};
		50AC3CA3302F852400379FC2 /* Resources */ = {
			isa = PBXResourcesBuildPhase;
			buildActionMask = 2147483647;
			files = (
			);
			runOnlyForDeploymentPostprocessing = 0;
		};
		50AC3CAD302F852400379FC2 /* Resources */ = {
			isa = PBXResourcesBuildPhase;
			buildActionMask = 2147483647;
			files = (
			);
			runOnlyForDeploymentPostprocessing = 0;
		};
		50ACFFFFFFFFFFFF00000007 /* Resources */ = {
			isa = PBXResourcesBuildPhase;
			buildActionMask = 2147483647;
			files = (
			);
			runOnlyForDeploymentPostprocessing = 0;
		};
/* End PBXResourcesBuildPhase section */

/* Begin PBXSourcesBuildPhase section */
		50AA00000000000000000005 /* Sources */ = {
			isa = PBXSourcesBuildPhase;
			buildActionMask = 2147483647;
			files = (
			);
			runOnlyForDeploymentPostprocessing = 0;
		};
		50AC3C94302F852300379FC2 /* Sources */ = {
			isa = PBXSourcesBuildPhase;
			buildActionMask = 2147483647;
			files = (
			);
			runOnlyForDeploymentPostprocessing = 0;
		};
		50AC3CA1302F852400379FC2 /* Sources */ = {
			isa = PBXSourcesBuildPhase;
			buildActionMask = 2147483647;
			files = (
			);
			runOnlyForDeploymentPostprocessing = 0;
		};
		50AC3CAB302F852400379FC2 /* Sources */ = {
			isa = PBXSourcesBuildPhase;
			buildActionMask = 2147483647;
			files = (
			);
			runOnlyForDeploymentPostprocessing = 0;
		};
		50ACFFFFFFFFFFFF00000005 /* Sources */ = {
			isa = PBXSourcesBuildPhase;
			buildActionMask = 2147483647;
			files = (
			);
			runOnlyForDeploymentPostprocessing = 0;
		};
/* End PBXSourcesBuildPhase section */

/* Begin PBXTargetDependency section */
		50AC3CA7302F852400379FC2 /* PBXTargetDependency */ = {
			isa = PBXTargetDependency;
			target = 50AC3C97302F852300379FC2 /* OpenFactor */;
			targetProxy = 50AC3CA6302F852400379FC2 /* PBXContainerItemProxy */;
		};
		50AC3CB1302F852400379FC2 /* PBXTargetDependency */ = {
			isa = PBXTargetDependency;
			target = 50AC3C97302F852300379FC2 /* OpenFactor */;
			targetProxy = 50AC3CB0302F852400379FC2 /* PBXContainerItemProxy */;
		};
		50ACFFFFFFFFFFFF0000000E /* PBXTargetDependency */ = {
			isa = PBXTargetDependency;
			name = "OpenFactorWatch Complication";
			target = 50ACFFFFFFFFFFFF00000001 /* OpenFactorWatch Complication */;
			targetProxy = 50ACFFFFFFFFFFFF0000000F /* PBXContainerItemProxy */;
		};
/* End PBXTargetDependency section */

/* Begin XCBuildConfiguration section */
		50AA00000000000000000003 /* Debug */ = {
			isa = XCBuildConfiguration;
			buildSettings = {
				ASSETCATALOG_COMPILER_APPICON_NAME = AppIcon;
				CODE_SIGN_ENTITLEMENTS = "OpenFactorWatch Watch App/OpenFactorWatch.entitlements";
				CODE_SIGN_STYLE = Automatic;
				CURRENT_PROJECT_VERSION = 1;
				DEVELOPMENT_TEAM = HST4KH9P2X;
				ENABLE_PREVIEWS = YES;
				GENERATE_INFOPLIST_FILE = YES;
				INFOPLIST_KEY_CFBundleDisplayName = OpenFactor;
				INFOPLIST_KEY_WKApplication = YES;
				INFOPLIST_KEY_WKCompanionAppBundleIdentifier = com.openfactor.dev;
				INFOPLIST_KEY_WKRunsIndependentlyOfCompanionApp = YES;
				LD_RUNPATH_SEARCH_PATHS = "@executable_path/Frameworks";
				MARKETING_VERSION = 1.0;
				PRODUCT_BUNDLE_IDENTIFIER = com.openfactor.dev.watchkitapp;
				PRODUCT_NAME = OpenFactorWatch;
				SDKROOT = watchos;
				SKIP_INSTALL = YES;
				SUPPORTED_PLATFORMS = "watchos watchsimulator";
				SWIFT_APPROACHABLE_CONCURRENCY = YES;
				SWIFT_DEFAULT_ACTOR_ISOLATION = MainActor;
				SWIFT_EMIT_LOC_STRINGS = YES;
				SWIFT_UPCOMING_FEATURE_MEMBER_IMPORT_VISIBILITY = YES;
				SWIFT_VERSION = 5.0;
				TARGETED_DEVICE_FAMILY = 4;
				WATCHOS_DEPLOYMENT_TARGET = 11.0;
			};
			name = Debug;
		};
		50AA00000000000000000004 /* Release */ = {
			isa = XCBuildConfiguration;
			buildSettings = {
				ASSETCATALOG_COMPILER_APPICON_NAME = AppIcon;
				CODE_SIGN_ENTITLEMENTS = "OpenFactorWatch Watch App/OpenFactorWatch.entitlements";
				CODE_SIGN_STYLE = Automatic;
				CURRENT_PROJECT_VERSION = 1;
				DEVELOPMENT_TEAM = HST4KH9P2X;
				ENABLE_PREVIEWS = YES;
				GENERATE_INFOPLIST_FILE = YES;
				INFOPLIST_KEY_CFBundleDisplayName = OpenFactor;
				INFOPLIST_KEY_WKApplication = YES;
				INFOPLIST_KEY_WKCompanionAppBundleIdentifier = com.openfactor.dev;
				INFOPLIST_KEY_WKRunsIndependentlyOfCompanionApp = YES;
				LD_RUNPATH_SEARCH_PATHS = "@executable_path/Frameworks";
				MARKETING_VERSION = 1.0;
				PRODUCT_BUNDLE_IDENTIFIER = com.openfactor.dev.watchkitapp;
				PRODUCT_NAME = OpenFactorWatch;
				SDKROOT = watchos;
				SKIP_INSTALL = YES;
				SUPPORTED_PLATFORMS = "watchos watchsimulator";
				SWIFT_APPROACHABLE_CONCURRENCY = YES;
				SWIFT_DEFAULT_ACTOR_ISOLATION = MainActor;
				SWIFT_EMIT_LOC_STRINGS = YES;
				SWIFT_UPCOMING_FEATURE_MEMBER_IMPORT_VISIBILITY = YES;
				SWIFT_VERSION = 5.0;
				TARGETED_DEVICE_FAMILY = 4;
				WATCHOS_DEPLOYMENT_TARGET = 11.0;
			};
			name = Release;
		};
		50AC3CB7302F852400379FC2 /* Debug */ = {
			isa = XCBuildConfiguration;
			buildSettings = {
				ALWAYS_SEARCH_USER_PATHS = NO;
				ASSETCATALOG_COMPILER_GENERATE_SWIFT_ASSET_SYMBOL_EXTENSIONS = YES;
				CLANG_ANALYZER_NONNULL = YES;
				CLANG_ANALYZER_NUMBER_OBJECT_CONVERSION = YES_AGGRESSIVE;
				CLANG_CXX_LANGUAGE_STANDARD = "gnu++20";
				CLANG_ENABLE_MODULES = YES;
				CLANG_ENABLE_OBJC_ARC = YES;
				CLANG_ENABLE_OBJC_WEAK = YES;
				CLANG_WARN_BLOCK_CAPTURE_AUTORELEASING = YES;
				CLANG_WARN_BOOL_CONVERSION = YES;
				CLANG_WARN_COMMA = YES;
				CLANG_WARN_CONSTANT_CONVERSION = YES;
				CLANG_WARN_DEPRECATED_OBJC_IMPLEMENTATIONS = YES;
				CLANG_WARN_DIRECT_OBJC_ISA_USAGE = YES_ERROR;
				CLANG_WARN_DOCUMENTATION_COMMENTS = YES;
				CLANG_WARN_EMPTY_BODY = YES;
				CLANG_WARN_ENUM_CONVERSION = YES;
				CLANG_WARN_INFINITE_RECURSION = YES;
				CLANG_WARN_INT_CONVERSION = YES;
				CLANG_WARN_NON_LITERAL_NULL_CONVERSION = YES;
				CLANG_WARN_OBJC_IMPLICIT_RETAIN_SELF = YES;
				CLANG_WARN_OBJC_LITERAL_CONVERSION = YES;
				CLANG_WARN_OBJC_ROOT_CLASS = YES_ERROR;
				CLANG_WARN_QUOTED_INCLUDE_IN_FRAMEWORK_HEADER = YES;
				CLANG_WARN_RANGE_LOOP_ANALYSIS = YES;
				CLANG_WARN_STRICT_PROTOTYPES = YES;
				CLANG_WARN_SUSPICIOUS_MOVE = YES;
				CLANG_WARN_UNGUARDED_AVAILABILITY = YES_AGGRESSIVE;
				CLANG_WARN_UNREACHABLE_CODE = YES;
				CLANG_WARN__DUPLICATE_METHOD_MATCH = YES;
				COPY_PHASE_STRIP = NO;
				DEBUG_INFORMATION_FORMAT = dwarf;
				ENABLE_STRICT_OBJC_MSGSEND = YES;
				ENABLE_TESTABILITY = YES;
				ENABLE_USER_SCRIPT_SANDBOXING = YES;
				GCC_C_LANGUAGE_STANDARD = gnu17;
				GCC_DYNAMIC_NO_PIC = NO;
				GCC_NO_COMMON_BLOCKS = YES;
				GCC_OPTIMIZATION_LEVEL = 0;
				GCC_PREPROCESSOR_DEFINITIONS = (
					"DEBUG=1",
					"$(inherited)",
				);
				GCC_WARN_64_TO_32_BIT_CONVERSION = YES;
				GCC_WARN_ABOUT_RETURN_TYPE = YES_ERROR;
				GCC_WARN_UNDECLARED_SELECTOR = YES;
				GCC_WARN_UNINITIALIZED_AUTOS = YES_AGGRESSIVE;
				GCC_WARN_UNUSED_FUNCTION = YES;
				GCC_WARN_UNUSED_VARIABLE = YES;
				LOCALIZATION_PREFERS_STRING_CATALOGS = YES;
				MTL_ENABLE_DEBUG_INFO = INCLUDE_SOURCE;
				MTL_FAST_MATH = YES;
				ONLY_ACTIVE_ARCH = YES;
				SWIFT_ACTIVE_COMPILATION_CONDITIONS = "DEBUG $(inherited)";
				SWIFT_OPTIMIZATION_LEVEL = "-Onone";
			};
			name = Debug;
		};
		50AC3CB8302F852400379FC2 /* Release */ = {
			isa = XCBuildConfiguration;
			buildSettings = {
				ALWAYS_SEARCH_USER_PATHS = NO;
				ASSETCATALOG_COMPILER_GENERATE_SWIFT_ASSET_SYMBOL_EXTENSIONS = YES;
				CLANG_ANALYZER_NONNULL = YES;
				CLANG_ANALYZER_NUMBER_OBJECT_CONVERSION = YES_AGGRESSIVE;
				CLANG_CXX_LANGUAGE_STANDARD = "gnu++20";
				CLANG_ENABLE_MODULES = YES;
				CLANG_ENABLE_OBJC_ARC = YES;
				CLANG_ENABLE_OBJC_WEAK = YES;
				CLANG_WARN_BLOCK_CAPTURE_AUTORELEASING = YES;
				CLANG_WARN_BOOL_CONVERSION = YES;
				CLANG_WARN_COMMA = YES;
				CLANG_WARN_CONSTANT_CONVERSION = YES;
				CLANG_WARN_DEPRECATED_OBJC_IMPLEMENTATIONS = YES;
				CLANG_WARN_DIRECT_OBJC_ISA_USAGE = YES_ERROR;
				CLANG_WARN_DOCUMENTATION_COMMENTS = YES;
				CLANG_WARN_EMPTY_BODY = YES;
				CLANG_WARN_ENUM_CONVERSION = YES;
				CLANG_WARN_INFINITE_RECURSION = YES;
				CLANG_WARN_INT_CONVERSION = YES;
				CLANG_WARN_NON_LITERAL_NULL_CONVERSION = YES;
				CLANG_WARN_OBJC_IMPLICIT_RETAIN_SELF = YES;
				CLANG_WARN_OBJC_LITERAL_CONVERSION = YES;
				CLANG_WARN_OBJC_ROOT_CLASS = YES_ERROR;
				CLANG_WARN_QUOTED_INCLUDE_IN_FRAMEWORK_HEADER = YES;
				CLANG_WARN_RANGE_LOOP_ANALYSIS = YES;
				CLANG_WARN_STRICT_PROTOTYPES = YES;
				CLANG_WARN_SUSPICIOUS_MOVE = YES;
				CLANG_WARN_UNGUARDED_AVAILABILITY = YES_AGGRESSIVE;
				CLANG_WARN_UNREACHABLE_CODE = YES;
				CLANG_WARN__DUPLICATE_METHOD_MATCH = YES;
				COPY_PHASE_STRIP = NO;
				DEBUG_INFORMATION_FORMAT = "dwarf-with-dsym";
				ENABLE_NS_ASSERTIONS = NO;
				ENABLE_STRICT_OBJC_MSGSEND = YES;
				ENABLE_USER_SCRIPT_SANDBOXING = YES;
				GCC_C_LANGUAGE_STANDARD = gnu17;
				GCC_NO_COMMON_BLOCKS = YES;
				GCC_WARN_64_TO_32_BIT_CONVERSION = YES;
				GCC_WARN_ABOUT_RETURN_TYPE = YES_ERROR;
				GCC_WARN_UNDECLARED_SELECTOR = YES;
				GCC_WARN_UNINITIALIZED_AUTOS = YES_AGGRESSIVE;
				GCC_WARN_UNUSED_FUNCTION = YES;
				GCC_WARN_UNUSED_VARIABLE = YES;
				LOCALIZATION_PREFERS_STRING_CATALOGS = YES;
				MTL_ENABLE_DEBUG_INFO = NO;
				MTL_FAST_MATH = YES;
				SWIFT_COMPILATION_MODE = wholemodule;
			};
			name = Release;
		};
		50AC3CBA302F852400379FC2 /* Debug */ = {
			isa = XCBuildConfiguration;
			buildSettings = {
				ASSETCATALOG_COMPILER_ALTERNATE_APPICON_NAMES = "AppIconLight AppIconAuto";
				ASSETCATALOG_COMPILER_APPICON_NAME = AppIcon;
				ASSETCATALOG_COMPILER_GLOBAL_ACCENT_COLOR_NAME = AccentColor;
				ASSETCATALOG_COMPILER_INCLUDE_ALL_APPICON_ASSETS = YES;
				CODE_SIGN_ENTITLEMENTS = OpenFactor/OpenFactor.entitlements;
				CODE_SIGN_STYLE = Automatic;
				CURRENT_PROJECT_VERSION = 1;
				ENABLE_APP_SANDBOX = YES;
				ENABLE_PREVIEWS = YES;
				ENABLE_USER_SELECTED_FILES = readonly;
				GENERATE_INFOPLIST_FILE = YES;
				INFOPLIST_KEY_NSCameraUsageDescription = "OpenFactor uses the camera only to scan setup codes. Nothing is recorded, and no image leaves your device.";
				"INFOPLIST_KEY_UIApplicationSceneManifest_Generation[sdk=iphoneos*]" = YES;
				"INFOPLIST_KEY_UIApplicationSceneManifest_Generation[sdk=iphonesimulator*]" = YES;
				"INFOPLIST_KEY_UIApplicationSupportsIndirectInputEvents[sdk=iphoneos*]" = YES;
				"INFOPLIST_KEY_UIApplicationSupportsIndirectInputEvents[sdk=iphonesimulator*]" = YES;
				"INFOPLIST_KEY_UILaunchScreen_Generation[sdk=iphoneos*]" = YES;
				"INFOPLIST_KEY_UILaunchScreen_Generation[sdk=iphonesimulator*]" = YES;
				"INFOPLIST_KEY_UIStatusBarStyle[sdk=iphoneos*]" = UIStatusBarStyleDefault;
				"INFOPLIST_KEY_UIStatusBarStyle[sdk=iphonesimulator*]" = UIStatusBarStyleDefault;
				INFOPLIST_KEY_UISupportedInterfaceOrientations_iPad = "UIInterfaceOrientationPortrait UIInterfaceOrientationPortraitUpsideDown UIInterfaceOrientationLandscapeLeft UIInterfaceOrientationLandscapeRight";
				INFOPLIST_KEY_UISupportedInterfaceOrientations_iPhone = "UIInterfaceOrientationPortrait UIInterfaceOrientationLandscapeLeft UIInterfaceOrientationLandscapeRight";
				IPHONEOS_DEPLOYMENT_TARGET = 18.0;
				LD_RUNPATH_SEARCH_PATHS = "@executable_path/Frameworks";
				"LD_RUNPATH_SEARCH_PATHS[sdk=macosx*]" = "@executable_path/../Frameworks";
				MACOSX_DEPLOYMENT_TARGET = 26.5;
				MARKETING_VERSION = 1.0;
				PRODUCT_BUNDLE_IDENTIFIER = com.openfactor.dev;
				PRODUCT_NAME = "$(TARGET_NAME)";
				REGISTER_APP_GROUPS = YES;
				SDKROOT = auto;
				STRING_CATALOG_GENERATE_SYMBOLS = YES;
				SUPPORTED_PLATFORMS = "iphoneos iphonesimulator macosx xros xrsimulator";
				SWIFT_APPROACHABLE_CONCURRENCY = YES;
				SWIFT_DEFAULT_ACTOR_ISOLATION = MainActor;
				SWIFT_EMIT_LOC_STRINGS = YES;
				SWIFT_UPCOMING_FEATURE_MEMBER_IMPORT_VISIBILITY = YES;
				SWIFT_VERSION = 5.0;
				TARGETED_DEVICE_FAMILY = "1,2,7";
				XROS_DEPLOYMENT_TARGET = 26.5;
			};
			name = Debug;
		};
		50AC3CBB302F852400379FC2 /* Release */ = {
			isa = XCBuildConfiguration;
			buildSettings = {
				ASSETCATALOG_COMPILER_ALTERNATE_APPICON_NAMES = "AppIconLight AppIconAuto";
				ASSETCATALOG_COMPILER_APPICON_NAME = AppIcon;
				ASSETCATALOG_COMPILER_GLOBAL_ACCENT_COLOR_NAME = AccentColor;
				ASSETCATALOG_COMPILER_INCLUDE_ALL_APPICON_ASSETS = YES;
				CODE_SIGN_ENTITLEMENTS = OpenFactor/OpenFactor.entitlements;
				CODE_SIGN_STYLE = Automatic;
				CURRENT_PROJECT_VERSION = 1;
				ENABLE_APP_SANDBOX = YES;
				ENABLE_PREVIEWS = YES;
				ENABLE_USER_SELECTED_FILES = readonly;
				GENERATE_INFOPLIST_FILE = YES;
				INFOPLIST_KEY_NSCameraUsageDescription = "OpenFactor uses the camera only to scan setup codes. Nothing is recorded, and no image leaves your device.";
				"INFOPLIST_KEY_UIApplicationSceneManifest_Generation[sdk=iphoneos*]" = YES;
				"INFOPLIST_KEY_UIApplicationSceneManifest_Generation[sdk=iphonesimulator*]" = YES;
				"INFOPLIST_KEY_UIApplicationSupportsIndirectInputEvents[sdk=iphoneos*]" = YES;
				"INFOPLIST_KEY_UIApplicationSupportsIndirectInputEvents[sdk=iphonesimulator*]" = YES;
				"INFOPLIST_KEY_UILaunchScreen_Generation[sdk=iphoneos*]" = YES;
				"INFOPLIST_KEY_UILaunchScreen_Generation[sdk=iphonesimulator*]" = YES;
				"INFOPLIST_KEY_UIStatusBarStyle[sdk=iphoneos*]" = UIStatusBarStyleDefault;
				"INFOPLIST_KEY_UIStatusBarStyle[sdk=iphonesimulator*]" = UIStatusBarStyleDefault;
				INFOPLIST_KEY_UISupportedInterfaceOrientations_iPad = "UIInterfaceOrientationPortrait UIInterfaceOrientationPortraitUpsideDown UIInterfaceOrientationLandscapeLeft UIInterfaceOrientationLandscapeRight";
				INFOPLIST_KEY_UISupportedInterfaceOrientations_iPhone = "UIInterfaceOrientationPortrait UIInterfaceOrientationLandscapeLeft UIInterfaceOrientationLandscapeRight";
				IPHONEOS_DEPLOYMENT_TARGET = 18.0;
				LD_RUNPATH_SEARCH_PATHS = "@executable_path/Frameworks";
				"LD_RUNPATH_SEARCH_PATHS[sdk=macosx*]" = "@executable_path/../Frameworks";
				MACOSX_DEPLOYMENT_TARGET = 26.5;
				MARKETING_VERSION = 1.0;
				PRODUCT_BUNDLE_IDENTIFIER = com.openfactor.dev;
				PRODUCT_NAME = "$(TARGET_NAME)";
				REGISTER_APP_GROUPS = YES;
				SDKROOT = auto;
				STRING_CATALOG_GENERATE_SYMBOLS = YES;
				SUPPORTED_PLATFORMS = "iphoneos iphonesimulator macosx xros xrsimulator";
				SWIFT_APPROACHABLE_CONCURRENCY = YES;
				SWIFT_DEFAULT_ACTOR_ISOLATION = MainActor;
				SWIFT_EMIT_LOC_STRINGS = YES;
				SWIFT_UPCOMING_FEATURE_MEMBER_IMPORT_VISIBILITY = YES;
				SWIFT_VERSION = 5.0;
				TARGETED_DEVICE_FAMILY = "1,2,7";
				XROS_DEPLOYMENT_TARGET = 26.5;
			};
			name = Release;
		};
		50AC3CBD302F852400379FC2 /* Debug */ = {
			isa = XCBuildConfiguration;
			buildSettings = {
				BUNDLE_LOADER = "$(TEST_HOST)";
				CODE_SIGN_STYLE = Automatic;
				CURRENT_PROJECT_VERSION = 1;
				GENERATE_INFOPLIST_FILE = YES;
				IPHONEOS_DEPLOYMENT_TARGET = 18.0;
				MACOSX_DEPLOYMENT_TARGET = 26.5;
				MARKETING_VERSION = 1.0;
				PRODUCT_BUNDLE_IDENTIFIER = com.openfactor.dev.tests;
				PRODUCT_NAME = "$(TARGET_NAME)";
				SDKROOT = auto;
				STRING_CATALOG_GENERATE_SYMBOLS = NO;
				SUPPORTED_PLATFORMS = "iphoneos iphonesimulator macosx xros xrsimulator";
				SWIFT_APPROACHABLE_CONCURRENCY = YES;
				SWIFT_EMIT_LOC_STRINGS = NO;
				SWIFT_UPCOMING_FEATURE_MEMBER_IMPORT_VISIBILITY = YES;
				SWIFT_VERSION = 5.0;
				TARGETED_DEVICE_FAMILY = "1,2,7";
				TEST_HOST = "$(BUILT_PRODUCTS_DIR)/OpenFactor.app/$(BUNDLE_EXECUTABLE_FOLDER_PATH)/OpenFactor";
				XROS_DEPLOYMENT_TARGET = 26.5;
			};
			name = Debug;
		};
		50AC3CBE302F852400379FC2 /* Release */ = {
			isa = XCBuildConfiguration;
			buildSettings = {
				BUNDLE_LOADER = "$(TEST_HOST)";
				CODE_SIGN_STYLE = Automatic;
				CURRENT_PROJECT_VERSION = 1;
				GENERATE_INFOPLIST_FILE = YES;
				IPHONEOS_DEPLOYMENT_TARGET = 18.0;
				MACOSX_DEPLOYMENT_TARGET = 26.5;
				MARKETING_VERSION = 1.0;
				PRODUCT_BUNDLE_IDENTIFIER = com.openfactor.dev.tests;
				PRODUCT_NAME = "$(TARGET_NAME)";
				SDKROOT = auto;
				STRING_CATALOG_GENERATE_SYMBOLS = NO;
				SUPPORTED_PLATFORMS = "iphoneos iphonesimulator macosx xros xrsimulator";
				SWIFT_APPROACHABLE_CONCURRENCY = YES;
				SWIFT_EMIT_LOC_STRINGS = NO;
				SWIFT_UPCOMING_FEATURE_MEMBER_IMPORT_VISIBILITY = YES;
				SWIFT_VERSION = 5.0;
				TARGETED_DEVICE_FAMILY = "1,2,7";
				TEST_HOST = "$(BUILT_PRODUCTS_DIR)/OpenFactor.app/$(BUNDLE_EXECUTABLE_FOLDER_PATH)/OpenFactor";
				XROS_DEPLOYMENT_TARGET = 26.5;
			};
			name = Release;
		};
		50AC3CC0302F852400379FC2 /* Debug */ = {
			isa = XCBuildConfiguration;
			buildSettings = {
				CODE_SIGN_STYLE = Automatic;
				CURRENT_PROJECT_VERSION = 1;
				GENERATE_INFOPLIST_FILE = YES;
				IPHONEOS_DEPLOYMENT_TARGET = 18.0;
				MACOSX_DEPLOYMENT_TARGET = 26.5;
				MARKETING_VERSION = 1.0;
				PRODUCT_BUNDLE_IDENTIFIER = com.openfactor.dev.uitests;
				PRODUCT_NAME = "$(TARGET_NAME)";
				SDKROOT = auto;
				STRING_CATALOG_GENERATE_SYMBOLS = NO;
				SUPPORTED_PLATFORMS = "iphoneos iphonesimulator macosx xros xrsimulator";
				SWIFT_APPROACHABLE_CONCURRENCY = YES;
				SWIFT_EMIT_LOC_STRINGS = NO;
				SWIFT_UPCOMING_FEATURE_MEMBER_IMPORT_VISIBILITY = YES;
				SWIFT_VERSION = 5.0;
				TARGETED_DEVICE_FAMILY = "1,2,7";
				TEST_TARGET_NAME = OpenFactor;
				XROS_DEPLOYMENT_TARGET = 26.5;
			};
			name = Debug;
		};
		50AC3CC1302F852400379FC2 /* Release */ = {
			isa = XCBuildConfiguration;
			buildSettings = {
				CODE_SIGN_STYLE = Automatic;
				CURRENT_PROJECT_VERSION = 1;
				GENERATE_INFOPLIST_FILE = YES;
				IPHONEOS_DEPLOYMENT_TARGET = 18.0;
				MACOSX_DEPLOYMENT_TARGET = 26.5;
				MARKETING_VERSION = 1.0;
				PRODUCT_BUNDLE_IDENTIFIER = com.openfactor.dev.uitests;
				PRODUCT_NAME = "$(TARGET_NAME)";
				SDKROOT = auto;
				STRING_CATALOG_GENERATE_SYMBOLS = NO;
				SUPPORTED_PLATFORMS = "iphoneos iphonesimulator macosx xros xrsimulator";
				SWIFT_APPROACHABLE_CONCURRENCY = YES;
				SWIFT_EMIT_LOC_STRINGS = NO;
				SWIFT_UPCOMING_FEATURE_MEMBER_IMPORT_VISIBILITY = YES;
				SWIFT_VERSION = 5.0;
				TARGETED_DEVICE_FAMILY = "1,2,7";
				TEST_TARGET_NAME = OpenFactor;
				XROS_DEPLOYMENT_TARGET = 26.5;
			};
			name = Release;
		};
		50ACFFFFFFFFFFFF00000003 /* Debug */ = {
			isa = XCBuildConfiguration;
			buildSettings = {
				CODE_SIGN_STYLE = Automatic;
				CURRENT_PROJECT_VERSION = 1;
				DEVELOPMENT_TEAM = HST4KH9P2X;
				GENERATE_INFOPLIST_FILE = YES;
				INFOPLIST_FILE = "OpenFactorComplication-Info.plist";
				INFOPLIST_KEY_CFBundleDisplayName = OpenFactor;
				LD_RUNPATH_SEARCH_PATHS = (
					"@executable_path/Frameworks",
					"@executable_path/../../Frameworks",
				);
				MARKETING_VERSION = 1.0;
				PRODUCT_BUNDLE_IDENTIFIER = com.openfactor.dev.watchkitapp.complication;
				PRODUCT_NAME = OpenFactorComplication;
				SDKROOT = watchos;
				SKIP_INSTALL = YES;
				SUPPORTED_PLATFORMS = "watchos watchsimulator";
				SWIFT_APPROACHABLE_CONCURRENCY = YES;
				SWIFT_DEFAULT_ACTOR_ISOLATION = MainActor;
				SWIFT_EMIT_LOC_STRINGS = YES;
				SWIFT_VERSION = 5.0;
				TARGETED_DEVICE_FAMILY = 4;
				WATCHOS_DEPLOYMENT_TARGET = 11.0;
			};
			name = Debug;
		};
		50ACFFFFFFFFFFFF00000004 /* Release */ = {
			isa = XCBuildConfiguration;
			buildSettings = {
				CODE_SIGN_STYLE = Automatic;
				CURRENT_PROJECT_VERSION = 1;
				DEVELOPMENT_TEAM = HST4KH9P2X;
				GENERATE_INFOPLIST_FILE = YES;
				INFOPLIST_FILE = "OpenFactorComplication-Info.plist";
				INFOPLIST_KEY_CFBundleDisplayName = OpenFactor;
				LD_RUNPATH_SEARCH_PATHS = (
					"@executable_path/Frameworks",
					"@executable_path/../../Frameworks",
				);
				MARKETING_VERSION = 1.0;
				PRODUCT_BUNDLE_IDENTIFIER = com.openfactor.dev.watchkitapp.complication;
				PRODUCT_NAME = OpenFactorComplication;
				SDKROOT = watchos;
				SKIP_INSTALL = YES;
				SUPPORTED_PLATFORMS = "watchos watchsimulator";
				SWIFT_APPROACHABLE_CONCURRENCY = YES;
				SWIFT_DEFAULT_ACTOR_ISOLATION = MainActor;
				SWIFT_EMIT_LOC_STRINGS = YES;
				SWIFT_VERSION = 5.0;
				TARGETED_DEVICE_FAMILY = 4;
				WATCHOS_DEPLOYMENT_TARGET = 11.0;
			};
			name = Release;
		};
/* End XCBuildConfiguration section */

/* Begin XCConfigurationList section */
		50AA00000000000000000002 /* Build configuration list for PBXNativeTarget "OpenFactorWatch Watch App" */ = {
			isa = XCConfigurationList;
			buildConfigurations = (
				50AA00000000000000000003 /* Debug */,
				50AA00000000000000000004 /* Release */,
			);
			defaultConfigurationIsVisible = 0;
			defaultConfigurationName = Release;
		};
		50AC3C93302F852300379FC2 /* Build configuration list for PBXProject "OpenFactor" */ = {
			isa = XCConfigurationList;
			buildConfigurations = (
				50AC3CB7302F852400379FC2 /* Debug */,
				50AC3CB8302F852400379FC2 /* Release */,
			);
			defaultConfigurationIsVisible = 0;
			defaultConfigurationName = Release;
		};
		50AC3CB9302F852400379FC2 /* Build configuration list for PBXNativeTarget "OpenFactor" */ = {
			isa = XCConfigurationList;
			buildConfigurations = (
				50AC3CBA302F852400379FC2 /* Debug */,
				50AC3CBB302F852400379FC2 /* Release */,
			);
			defaultConfigurationIsVisible = 0;
			defaultConfigurationName = Release;
		};
		50AC3CBC302F852400379FC2 /* Build configuration list for PBXNativeTarget "OpenFactorTests" */ = {
			isa = XCConfigurationList;
			buildConfigurations = (
				50AC3CBD302F852400379FC2 /* Debug */,
				50AC3CBE302F852400379FC2 /* Release */,
			);
			defaultConfigurationIsVisible = 0;
			defaultConfigurationName = Release;
		};
		50AC3CBF302F852400379FC2 /* Build configuration list for PBXNativeTarget "OpenFactorUITests" */ = {
			isa = XCConfigurationList;
			buildConfigurations = (
				50AC3CC0302F852400379FC2 /* Debug */,
				50AC3CC1302F852400379FC2 /* Release */,
			);
			defaultConfigurationIsVisible = 0;
			defaultConfigurationName = Release;
		};
		50ACFFFFFFFFFFFF00000002 /* Build configuration list for PBXNativeTarget "OpenFactorWatch Complication" */ = {
			isa = XCConfigurationList;
			buildConfigurations = (
				50ACFFFFFFFFFFFF00000003 /* Debug */,
				50ACFFFFFFFFFFFF00000004 /* Release */,
			);
			defaultConfigurationIsVisible = 0;
			defaultConfigurationName = Release;
		};
/* End XCConfigurationList section */

/* Begin XCLocalSwiftPackageReference section */
		50D16260302F862B00211D42 /* XCLocalSwiftPackageReference "." */ = {
			isa = XCLocalSwiftPackageReference;
			relativePath = .;
		};
/* End XCLocalSwiftPackageReference section */

/* Begin XCSwiftPackageProductDependency section */
		50AA0000000000000000000A /* OpenFactorCore */ = {
			isa = XCSwiftPackageProductDependency;
			productName = OpenFactorCore;
		};
		50D16261302F862B00211D42 /* OpenFactorCore */ = {
			isa = XCSwiftPackageProductDependency;
			productName = OpenFactorCore;
		};
/* End XCSwiftPackageProductDependency section */
	};
	rootObject = 50AC3C90302F852300379FC2 /* Project object */;
}
